
Microsoft Visual Studio Solution File, Format Version 12.00
# Visual Studio 15
VisualStudioVersion = 15.0.27004.2009
MinimumVisualStudioVersion = 10.0.40219.1
Project("{FAE04EC0-301F-11D3-BF4B-00C04F79EFBC}") = "AllTextExtractor_HtmlScrapping", "AllTextExtractor_HtmlScrapping\AllTextExtractor_HtmlScrapping.csproj", "{E3CD4EB7-1D70-42C3-9764-94818E11AEB0}"
EndProject
Global
	GlobalSection(SolutionConfigurationPlatforms) = preSolution
		Debug|Any CPU = Debug|Any CPU
		Release|Any CPU = Release|Any CPU
	EndGlobalSection
	GlobalSection(ProjectConfigurationPlatforms) = postSolution
		{E3CD4EB7-1D70-42C3-9764-94818E11AEB0}.Debug|Any CPU.ActiveCfg = Debug|Any CPU
		{E3CD4EB7-1D70-42C3-9764-94818E11AEB0}.Debug|Any CPU.Build.0 = Debug|Any CPU
		{E3CD4EB7-1D70-42C3-9764-94818E11AEB0}.Release|Any CPU.ActiveCfg = Release|Any CPU
		{E3CD4EB7-1D70-42C3-9764-94818E11AEB0}.Release|Any CPU.Build.0 = Release|Any CPU
	EndGlobalSection
	GlobalSection(SolutionProperties) = preSolution
		HideSolutionNode = FALSE
	EndGlobalSection
	GlobalSection(ExtensibilityGlobals) = postSolution
		SolutionGuid = {26538D0A-9DDD-4274-99DC-BFC07A19E142}
	EndGlobalSection
EndGlobal
